
Microsoft Visual Studio Solution File, Format Version 12.00
# Visual Studio Version 17
VisualStudioVersion = 17.12.35506.116
MinimumVisualStudioVersion = 10.0.40219.1
Project("{FAE04EC0-301F-11D3-BF4B-00C04F79EFBC}") = "Business", "Business\Business.csproj", "{5DF408A7-6D83-4003-8395-C52820587D66}"
EndProject
Project("{FAE04EC0-301F-11D3-BF4B-00C04F79EFBC}") = "Data", "Data\Data.csproj", "{580760B3-AC32-42CA-BA50-02532AD360AB}"
EndProject
Project("{FAE04EC0-301F-11D3-BF4B-00C04F79EFBC}") = "Database_Frontend", "Database_Frontend\Database_Frontend.csproj", "{8F754DA8-7FD2-4559-98EF-E03F8E2137B5}"
EndProject
Global
	GlobalSection(SolutionConfigurationPlatforms) = preSolution
		Debug|Any CPU = Debug|Any CPU
		Release|Any CPU = Release|Any CPU
	EndGlobalSection
	GlobalSection(ProjectConfigurationPlatforms) = postSolution
		{5DF408A7-6D83-4003-8395-C52820587D66}.Debug|Any CPU.ActiveCfg = Debug|Any CPU
		{5DF408A7-6D83-4003-8395-C52820587D66}.Debug|Any CPU.Build.0 = Debug|Any CPU
		{5DF408A7-6D83-4003-8395-C52820587D66}.Release|Any CPU.ActiveCfg = Release|Any CPU
		{5DF408A7-6D83-4003-8395-C52820587D66}.Release|Any CPU.Build.0 = Release|Any CPU
		{580760B3-AC32-42CA-BA50-02532AD360AB}.Debug|Any CPU.ActiveCfg = Debug|Any CPU
		{580760B3-AC32-42CA-BA50-02532AD360AB}.Debug|Any CPU.Build.0 = Debug|Any CPU
		{580760B3-AC32-42CA-BA50-02532AD360AB}.Release|Any CPU.ActiveCfg = Release|Any CPU
		{580760B3-AC32-42CA-BA50-02532AD360AB}.Release|Any CPU.Build.0 = Release|Any CPU
		{8F754DA8-7FD2-4559-98EF-E03F8E2137B5}.Debug|Any CPU.ActiveCfg = Debug|Any CPU
		{8F754DA8-7FD2-4559-98EF-E03F8E2137B5}.Debug|Any CPU.Build.0 = Debug|Any CPU
		{8F754DA8-7FD2-4559-98EF-E03F8E2137B5}.Release|Any CPU.ActiveCfg = Release|Any CPU
		{8F754DA8-7FD2-4559-98EF-E03F8E2137B5}.Release|Any CPU.Build.0 = Release|Any CPU
	EndGlobalSection
	GlobalSection(SolutionProperties) = preSolution
		HideSolutionNode = FALSE
	EndGlobalSection
EndGlobal
